// !$*UTF8*$!
{
	archiveVersion = 1;
	classes = {
	};
	objectVersion = 46;
	objects = {

/* Begin PBXBuildFile section */
		ECDD30D91F4DC18A00FAF6E4 /* AppDelegate.swift in Sources */ = {isa = PBXBuildFile; fileRef = ECDD30D81F4DC18A00FAF6E4 /* AppDelegate.swift */; };
		ECDD30DB1F4DC18A00FAF6E4 /* ViewController.swift in Sources */ = {isa = PBXBuildFile; fileRef = ECDD30DA1F4DC18A00FAF6E4 /* ViewController.swift */; };
		ECDD30DE1F4DC18A00FAF6E4 /* Main.storyboard in Resources */ = {isa = PBXBuildFile; fileRef = ECDD30DC1F4DC18A00FAF6E4 /* Main.storyboard */; };
		ECDD30E01F4DC18A00FAF6E4 /* Assets.xcassets in Resources */ = {isa = PBXBuildFile; fileRef = ECDD30DF1F4DC18A00FAF6E4 /* Assets.xcassets */; };
		ECDD30E31F4DC18A00FAF6E4 /* LaunchScreen.storyboard in Resources */ = {isa = PBXBuildFile; fileRef = ECDD30E11F4DC18A00FAF6E4 /* LaunchScreen.storyboard */; };
		ECDD30ED1F4DC86200FAF6E4 /* ExibeDadoViewController.swift in Sources */ = {isa = PBXBuildFile; fileRef = ECDD30EC1F4DC86200FAF6E4 /* ExibeDadoViewController.swift */; };
/* End PBXBuildFile section */

/* Begin PBXFileReference section */
		ECDD30D51F4DC18A00FAF6E4 /* Passando Dado entre views.app */ = {isa = PBXFileReference; explicitFileType = wrapper.application; includeInIndex = 0; path = "Passando Dado entre views.app"; sourceTree = BUILT_PRODUCTS_DIR; };
		ECDD30D81F4DC18A00FAF6E4 /* AppDelegate.swift */ = {isa = PBXFileReference; lastKnownFileType = sourcecode.swift; path = AppDelegate.swift; sourceTree = "<group>"; };
		ECDD30DA1F4DC18A00FAF6E4 /* ViewController.swift */ = {isa = PBXFileReference; lastKnownFileType = sourcecode.swift; path = ViewController.swift; sourceTree = "<group>"; };
		ECDD30DD1F4DC18A00FAF6E4 /* Base */ = {isa = PBXFileReference; lastKnownFileType = file.storyboard; name = Base; path = Base.lproj/Main.storyboard; sourceTree = "<group>"; };
		ECDD30DF1F4DC18A00FAF6E4 /* Assets.xcassets */ = {isa = PBXFileReference; lastKnownFileType = folder.assetcatalog; path = Assets.xcassets; sourceTree = "<group>"; };
		ECDD30E21F4DC18A00FAF6E4 /* Base */ = {isa = PBXFileReference; lastKnownFileType = file.storyboard; name = Base; path = Base.lproj/LaunchScreen.storyboard; sourceTree = "<group>"; };
		ECDD30E41F4DC18A00FAF6E4 /* Info.plist */ = {isa = PBXFileReference; lastKnownFileType = text.plist.xml; path = Info.plist; sourceTree = "<group>"; };
		ECDD30EC1F4DC86200FAF6E4 /* ExibeDadoViewController.swift */ = {isa = PBXFileReference; fileEncoding = 4; lastKnownFileType = sourcecode.swift; name = ExibeDadoViewController.swift; path = ../ExibeDadoViewController.swift; sourceTree = "<group>"; };
/* End PBXFileReference section */

/* Begin PBXFrameworksBuildPhase section */
		ECDD30D21F4DC18A00FAF6E4 /* Frameworks */ = {
			isa = PBXFrameworksBuildPhase;
			buildActionMask = 2147483647;
			files = (
			);
			runOnlyForDeploymentPostprocessing = 0;
		};
/* End PBXFrameworksBuildPhase section */

/* Begin PBXGroup section */
		ECDD30CC1F4DC18A00FAF6E4 = {
			isa = PBXGroup;
			children = (
				ECDD30D71F4DC18A00FAF6E4 /* Passando Dado entre views */,
				ECDD30D61F4DC18A00FAF6E4 /* Products */,
			);
			sourceTree = "<group>";
		};
		ECDD30D61F4DC18A00FAF6E4 /* Products */ = {
			isa = PBXGroup;
			children = (
				ECDD30D51F4DC18A00FAF6E4 /* Passando Dado entre views.app */,
			);
			name = Products;
			sourceTree = "<group>";
		};
		ECDD30D71F4DC18A00FAF6E4 /* Passando Dado entre views */ = {
			isa = PBXGroup;
			children = (
				ECDD30D81F4DC18A00FAF6E4 /* AppDelegate.swift */,
				ECDD30DA1F4DC18A00FAF6E4 /* ViewController.swift */,
				ECDD30EC1F4DC86200FAF6E4 /* ExibeDadoViewController.swift */,
				ECDD30DC1F4DC18A00FAF6E4 /* Main.storyboard */,
				ECDD30DF1F4DC18A00FAF6E4 /* Assets.xcassets */,
				ECDD30E11F4DC18A00FAF6E4 /* LaunchScreen.storyboard */,
				ECDD30E41F4DC18A00FAF6E4 /* Info.plist */,
			);
			path = "Passando Dado entre views";
			sourceTree = "<group>";
		};
/* End PBXGroup section */

/* Begin PBXNativeTarget section */
		ECDD30D41F4DC18A00FAF6E4 /* Passando Dado entre views */ = {
			isa = PBXNativeTarget;
			buildConfigurationList = ECDD30E71F4DC18A00FAF6E4 /* Build configuration list for PBXNativeTarget "Passando Dado entre views" */;
			buildPhases = (
				ECDD30D11F4DC18A00FAF6E4 /* Sources */,
				ECDD30D21F4DC18A00FAF6E4 /* Frameworks */,
				ECDD30D31F4DC18A00FAF6E4 /* Resources */,
			);
			buildRules = (
			);
			dependencies = (
			);
			name = "Passando Dado entre views";
			productName = "Passando Dado entre views";
			productReference = ECDD30D51F4DC18A00FAF6E4 /* Passando Dado entre views.app */;
			productType = "com.apple.product-type.application";
		};
/* End PBXNativeTarget section */

/* Begin PBXProject section */
		ECDD30CD1F4DC18A00FAF6E4 /* Project object */ = {
			isa = PBXProject;
			attributes = {
				LastSwiftUpdateCheck = 0830;
				LastUpgradeCheck = 0830;
				ORGANIZATIONNAME = "Gustavo Severo";
				TargetAttributes = {
					ECDD30D41F4DC18A00FAF6E4 = {
						CreatedOnToolsVersion = 8.3.3;
						DevelopmentTeam = 966867LLZX;
						ProvisioningStyle = Automatic;
					};
				};
			};
			buildConfigurationList = ECDD30D01F4DC18A00FAF6E4 /* Build configuration list for PBXProject "Passando Dado entre views" */;
			compatibilityVersion = "Xcode 3.2";
			developmentRegion = English;
			hasScannedForEncodings = 0;
			knownRegions = (
				en,
				Base,
			);
			mainGroup = ECDD30CC1F4DC18A00FAF6E4;
			productRefGroup = ECDD30D61F4DC18A00FAF6E4 /* Products */;
			projectDirPath = "";
			projectRoot = "";
			targets = (
				ECDD30D41F4DC18A00FAF6E4 /* Passando Dado entre views */,
			);
		};
/* End PBXProject section */

/* Begin PBXResourcesBuildPhase section */
		ECDD30D31F4DC18A00FAF6E4 /* Resources */ = {
			isa = PBXResourcesBuildPhase;
			buildActionMask = 2147483647;
			files = (
				ECDD30E31F4DC18A00FAF6E4 /* LaunchScreen.storyboard in Resources */,
				ECDD30E01F4DC18A00FAF6E4 /* Assets.xcassets in Resources */,
				ECDD30DE1F4DC18A00FAF6E4 /* Main.storyboard in Resources */,
			);
			runOnlyForDeploymentPostprocessing = 0;
		};
/* End PBXResourcesBuildPhase section */

/* Begin PBXSourcesBuildPhase section */
		ECDD30D11F4DC18A00FAF6E4 /* Sources */ = {
			isa = PBXSourcesBuildPhase;
			buildActionMask = 2147483647;
			files = (
				ECDD30DB1F4DC18A00FAF6E4 /* ViewController.swift in Sources */,
				ECDD30D91F4DC18A00FAF6E4 /* AppDelegate.swift in Sources */,
				ECDD30ED1F4DC86200FAF6E4 /* ExibeDadoViewController.swift in Sources */,
			);
			runOnlyForDeploymentPostprocessing = 0;
		};
/* End PBXSourcesBuildPhase section */

/* Begin PBXVariantGroup section */
		ECDD30DC1F4DC18A00FAF6E4 /* Main.storyboard */ = {
			isa = PBXVariantGroup;
			children = (
				ECDD30DD1F4DC18A00FAF6E4 /* Base */,
			);
			name = Main.storyboard;
			sourceTree = "<group>";
		};
		ECDD30E11F4DC18A00FAF6E4 /* LaunchScreen.storyboard */ = {
			isa = PBXVariantGroup;
			children = (
				ECDD30E21F4DC18A00FAF6E4 /* Base */,
			);
			name = LaunchScreen.storyboard;
			sourceTree = "<group>";
		};
/* End PBXVariantGroup section */

/* Begin XCBuildConfiguration section */
		ECDD30E51F4DC18A00FAF6E4 /* Debug */ = {
			isa = XCBuildConfiguration;
			buildSettings = {
				ALWAYS_SEARCH_USER_PATHS = NO;
				CLANG_ANALYZER_NONNULL = YES;
				CLANG_ANALYZER_NUMBER_OBJECT_CONVERSION = YES_AGGRESSIVE;
				CLANG_CXX_LANGUAGE_STANDARD = "gnu++0x";
				CLANG_CXX_LIBRARY = "libc++";
				CLANG_ENABLE_MODULES = YES;
				CLANG_ENABLE_OBJC_ARC = YES;
				CLANG_WARN_BOOL_CONVERSION = YES;
				CLANG_WARN_CONSTANT_CONVERSION = YES;
				CLANG_WARN_DIRECT_OBJC_ISA_USAGE = YES_ERROR;
				CLANG_WARN_DOCUMENTATION_COMMENTS = YES;
				CLANG_WARN_EMPTY_BODY = YES;
				CLANG_WARN_ENUM_CONVERSION = YES;
				CLANG_WARN_INFINITE_RECURSION = YES;
				CLANG_WARN_INT_CONVERSION = YES;
				CLANG_WARN_OBJC_ROOT_CLASS = YES_ERROR;
				CLANG_WARN_SUSPICIOUS_MOVE = YES;
				CLANG_WARN_UNREACHABLE_CODE = YES;
				CLANG_WARN__DUPLICATE_METHOD_MATCH = YES;
				"CODE_SIGN_IDENTITY[sdk=iphoneos*]" = "iPhone Developer";
				COPY_PHASE_STRIP = NO;
				DEBUG_INFORMATION_FORMAT = dwarf;
				ENABLE_STRICT_OBJC_MSGSEND = YES;
				ENABLE_TESTABILITY = YES;
				GCC_C_LANGUAGE_STANDARD = gnu99;
				GCC_DYNAMIC_NO_PIC = NO;
				GCC_NO_COMMON_BLOCKS = YES;
				GCC_OPTIMIZATION_LEVEL = 0;
				GCC_PREPROCESSOR_DEFINITIONS = (
					"DEBUG=1",
					"$(inherited)",
				);
				GCC_WARN_64_TO_32_BIT_CONVERSION = YES;
				GCC_WARN_ABOUT_RETURN_TYPE = YES_ERROR;
				GCC_WARN_UNDECLARED_SELECTOR = YES;
				GCC_WARN_UNINITIALIZED_AUTOS = YES_AGGRESSIVE;
				GCC_WARN_UNUSED_FUNCTION = YES;
				GCC_WARN_UNUSED_VARIABLE = YES;
				IPHONEOS_DEPLOYMENT_TARGET = 10.3;
				MTL_ENABLE_DEBUG_INFO = YES;
				ONLY_ACTIVE_ARCH = YES;
				SDKROOT = iphoneos;
				SWIFT_ACTIVE_COMPILATION_CONDITIONS = DEBUG;
				SWIFT_OPTIMIZATION_LEVEL = "-Onone";
			};
			name = Debug;
		};
		ECDD30E61F4DC18A00FAF6E4 /* Release */ = {
			isa = XCBuildConfiguration;
			buildSettings = {
				ALWAYS_SEARCH_USER_PATHS = NO;
				CLANG_ANALYZER_NONNULL = YES;
				CLANG_ANALYZER_NUMBER_OBJECT_CONVERSION = YES_AGGRESSIVE;
				CLANG_CXX_LANGUAGE_STANDARD = "gnu++0x";
				CLANG_CXX_LIBRARY = "libc++";
				CLANG_ENABLE_MODULES = YES;
				CLANG_ENABLE_OBJC_ARC = YES;
				CLANG_WARN_BOOL_CONVERSION = YES;
				CLANG_WARN_CONSTANT_CONVERSION = YES;
				CLANG_WARN_DIRECT_OBJC_ISA_USAGE = YES_ERROR;
				CLANG_WARN_DOCUMENTATION_COMMENTS = YES;
				CLANG_WARN_EMPTY_BODY = YES;
				CLANG_WARN_ENUM_CONVERSION = YES;
				CLANG_WARN_INFINITE_RECURSION = YES;
				CLANG_WARN_INT_CONVERSION = YES;
				CLANG_WARN_OBJC_ROOT_CLASS = YES_ERROR;
				CLANG_WARN_SUSPICIOUS_MOVE = YES;
				CLANG_WARN_UNREACHABLE_CODE = YES;
				CLANG_WARN__DUPLICATE_METHOD_MATCH = YES;
				"CODE_SIGN_IDENTITY[sdk=iphoneos*]" = "iPhone Developer";
				COPY_PHASE_STRIP = NO;
				DEBUG_INFORMATION_FORMAT = "dwarf-with-dsym";
				ENABLE_NS_ASSERTIONS = NO;
				ENABLE_STRICT_OBJC_MSGSEND = YES;
				GCC_C_LANGUAGE_STANDARD = gnu99;
				GCC_NO_COMMON_BLOCKS = YES;
				GCC_WARN_64_TO_32_BIT_CONVERSION = YES;
				GCC_WARN_ABOUT_RETURN_TYPE = YES_ERROR;
				GCC_WARN_UNDECLARED_SELECTOR = YES;
				GCC_WARN_UNINITIALIZED_AUTOS = YES_AGGRESSIVE;
				GCC_WARN_UNUSED_FUNCTION = YES;
				GCC_WARN_UNUSED_VARIABLE = YES;
				IPHONEOS_DEPLOYMENT_TARGET = 10.3;
				MTL_ENABLE_DEBUG_INFO = NO;
				SDKROOT = iphoneos;
				SWIFT_OPTIMIZATION_LEVEL = "-Owholemodule";
				VALIDATE_PRODUCT = YES;
			};
			name = Release;
		};
		ECDD30E81F4DC18A00FAF6E4 /* Debug */ = {
			isa = XCBuildConfiguration;
			buildSettings = {
				ASSETCATALOG_COMPILER_APPICON_NAME = AppIcon;
				DEVELOPMENT_TEAM = 966867LLZX;
				INFOPLIST_FILE = "Passando Dado entre views/Info.plist";
				LD_RUNPATH_SEARCH_PATHS = "$(inherited) @executable_path/Frameworks";
				PRODUCT_BUNDLE_IDENTIFIER = "gustavosevero.Passando-Dado-entre-views";
				PRODUCT_NAME = "$(TARGET_NAME)";
				SWIFT_VERSION = 3.0;
			};
			name = Debug;
		};
		ECDD30E91F4DC18A00FAF6E4 /* Release */ = {
			isa = XCBuildConfiguration;
			buildSettings = {
				ASSETCATALOG_COMPILER_APPICON_NAME = AppIcon;
				DEVELOPMENT_TEAM = 966867LLZX;
				INFOPLIST_FILE = "Passando Dado entre views/Info.plist";
				LD_RUNPATH_SEARCH_PATHS = "$(inherited) @executable_path/Frameworks";
				PRODUCT_BUNDLE_IDENTIFIER = "gustavosevero.Passando-Dado-entre-views";
				PRODUCT_NAME = "$(TARGET_NAME)";
				SWIFT_VERSION = 3.0;
			};
			name = Release;
		};
/* End XCBuildConfiguration section */

/* Begin XCConfigurationList section */
		ECDD30D01F4DC18A00FAF6E4 /* Build configuration list for PBXProject "Passando Dado entre views" */ = {
			isa = XCConfigurationList;
			buildConfigurations = (
				ECDD30E51F4DC18A00FAF6E4 /* Debug */,
				ECDD30E61F4DC18A00FAF6E4 /* Release */,
			);
			defaultConfigurationIsVisible = 0;
			defaultConfigurationName = Release;
		};
		ECDD30E71F4DC18A00FAF6E4 /* Build configuration list for PBXNativeTarget "Passando Dado entre views" */ = {
			isa = XCConfigurationList;
			buildConfigurations = (
				ECDD30E81F4DC18A00FAF6E4 /* Debug */,
				ECDD30E91F4DC18A00FAF6E4 /* Release */,
			);
			defaultConfigurationIsVisible = 0;
		};
/* End XCConfigurationList section */
	};
	rootObject = ECDD30CD1F4DC18A00FAF6E4 /* Project object */;
}
