// !$*UTF8*$!
{
	archiveVersion = 1;
	classes = {
	};
	objectVersion = 46;
	objects = {

/* Begin PBXBuildFile section */
		ECA57D9F1F71BE4800107011 /* AppDelegate.swift in Sources */ = {isa = PBXBuildFile; fileRef = ECA57D9E1F71BE4800107011 /* AppDelegate.swift */; };
		ECA57DA11F71BE4800107011 /* ViewController.swift in Sources */ = {isa = PBXBuildFile; fileRef = ECA57DA01F71BE4800107011 /* ViewController.swift */; };
		ECA57DA41F71BE4800107011 /* Main.storyboard in Resources */ = {isa = PBXBuildFile; fileRef = ECA57DA21F71BE4800107011 /* Main.storyboard */; };
		ECA57DA71F71BE4800107011 /* JSON.xcdatamodeld in Sources */ = {isa = PBXBuildFile; fileRef = ECA57DA51F71BE4800107011 /* JSON.xcdatamodeld */; };
		ECA57DA91F71BE4800107011 /* Assets.xcassets in Resources */ = {isa = PBXBuildFile; fileRef = ECA57DA81F71BE4800107011 /* Assets.xcassets */; };
		ECA57DAC1F71BE4900107011 /* LaunchScreen.storyboard in Resources */ = {isa = PBXBuildFile; fileRef = ECA57DAA1F71BE4900107011 /* LaunchScreen.storyboard */; };
/* End PBXBuildFile section */

/* Begin PBXFileReference section */
		ECA57D9B1F71BE4800107011 /* JSON.app */ = {isa = PBXFileReference; explicitFileType = wrapper.application; includeInIndex = 0; path = JSON.app; sourceTree = BUILT_PRODUCTS_DIR; };
		ECA57D9E1F71BE4800107011 /* AppDelegate.swift */ = {isa = PBXFileReference; lastKnownFileType = sourcecode.swift; path = AppDelegate.swift; sourceTree = "<group>"; };
		ECA57DA01F71BE4800107011 /* ViewController.swift */ = {isa = PBXFileReference; lastKnownFileType = sourcecode.swift; path = ViewController.swift; sourceTree = "<group>"; };
		ECA57DA31F71BE4800107011 /* Base */ = {isa = PBXFileReference; lastKnownFileType = file.storyboard; name = Base; path = Base.lproj/Main.storyboard; sourceTree = "<group>"; };
		ECA57DA61F71BE4800107011 /* JSON.xcdatamodel */ = {isa = PBXFileReference; lastKnownFileType = wrapper.xcdatamodel; path = JSON.xcdatamodel; sourceTree = "<group>"; };
		ECA57DA81F71BE4800107011 /* Assets.xcassets */ = {isa = PBXFileReference; lastKnownFileType = folder.assetcatalog; path = Assets.xcassets; sourceTree = "<group>"; };
		ECA57DAB1F71BE4900107011 /* Base */ = {isa = PBXFileReference; lastKnownFileType = file.storyboard; name = Base; path = Base.lproj/LaunchScreen.storyboard; sourceTree = "<group>"; };
		ECA57DAD1F71BE4900107011 /* Info.plist */ = {isa = PBXFileReference; lastKnownFileType = text.plist.xml; path = Info.plist; sourceTree = "<group>"; };
/* End PBXFileReference section */

/* Begin PBXFrameworksBuildPhase section */
		ECA57D981F71BE4800107011 /* Frameworks */ = {
			isa = PBXFrameworksBuildPhase;
			buildActionMask = 2147483647;
			files = (
			);
			runOnlyForDeploymentPostprocessing = 0;
		};
/* End PBXFrameworksBuildPhase section */

/* Begin PBXGroup section */
		ECA57D921F71BE4800107011 = {
			isa = PBXGroup;
			children = (
				ECA57D9D1F71BE4800107011 /* JSON */,
				ECA57D9C1F71BE4800107011 /* Products */,
			);
			sourceTree = "<group>";
		};
		ECA57D9C1F71BE4800107011 /* Products */ = {
			isa = PBXGroup;
			children = (
				ECA57D9B1F71BE4800107011 /* JSON.app */,
			);
			name = Products;
			sourceTree = "<group>";
		};
		ECA57D9D1F71BE4800107011 /* JSON */ = {
			isa = PBXGroup;
			children = (
				ECA57D9E1F71BE4800107011 /* AppDelegate.swift */,
				ECA57DA01F71BE4800107011 /* ViewController.swift */,
				ECA57DA21F71BE4800107011 /* Main.storyboard */,
				ECA57DA81F71BE4800107011 /* Assets.xcassets */,
				ECA57DAA1F71BE4900107011 /* LaunchScreen.storyboard */,
				ECA57DAD1F71BE4900107011 /* Info.plist */,
				ECA57DA51F71BE4800107011 /* JSON.xcdatamodeld */,
			);
			path = JSON;
			sourceTree = "<group>";
		};
/* End PBXGroup section */

/* Begin PBXNativeTarget section */
		ECA57D9A1F71BE4800107011 /* JSON */ = {
			isa = PBXNativeTarget;
			buildConfigurationList = ECA57DB01F71BE4900107011 /* Build configuration list for PBXNativeTarget "JSON" */;
			buildPhases = (
				ECA57D971F71BE4800107011 /* Sources */,
				ECA57D981F71BE4800107011 /* Frameworks */,
				ECA57D991F71BE4800107011 /* Resources */,
			);
			buildRules = (
			);
			dependencies = (
			);
			name = JSON;
			productName = JSON;
			productReference = ECA57D9B1F71BE4800107011 /* JSON.app */;
			productType = "com.apple.product-type.application";
		};
/* End PBXNativeTarget section */

/* Begin PBXProject section */
		ECA57D931F71BE4800107011 /* Project object */ = {
			isa = PBXProject;
			attributes = {
				LastSwiftUpdateCheck = 0830;
				LastUpgradeCheck = 0830;
				ORGANIZATIONNAME = "Gustavo Severo";
				TargetAttributes = {
					ECA57D9A1F71BE4800107011 = {
						CreatedOnToolsVersion = 8.3.3;
						DevelopmentTeam = 966867LLZX;
						ProvisioningStyle = Automatic;
					};
				};
			};
			buildConfigurationList = ECA57D961F71BE4800107011 /* Build configuration list for PBXProject "JSON" */;
			compatibilityVersion = "Xcode 3.2";
			developmentRegion = English;
			hasScannedForEncodings = 0;
			knownRegions = (
				en,
				Base,
			);
			mainGroup = ECA57D921F71BE4800107011;
			productRefGroup = ECA57D9C1F71BE4800107011 /* Products */;
			projectDirPath = "";
			projectRoot = "";
			targets = (
				ECA57D9A1F71BE4800107011 /* JSON */,
			);
		};
/* End PBXProject section */

/* Begin PBXResourcesBuildPhase section */
		ECA57D991F71BE4800107011 /* Resources */ = {
			isa = PBXResourcesBuildPhase;
			buildActionMask = 2147483647;
			files = (
				ECA57DAC1F71BE4900107011 /* LaunchScreen.storyboard in Resources */,
				ECA57DA91F71BE4800107011 /* Assets.xcassets in Resources */,
				ECA57DA41F71BE4800107011 /* Main.storyboard in Resources */,
			);
			runOnlyForDeploymentPostprocessing = 0;
		};
/* End PBXResourcesBuildPhase section */

/* Begin PBXSourcesBuildPhase section */
		ECA57D971F71BE4800107011 /* Sources */ = {
			isa = PBXSourcesBuildPhase;
			buildActionMask = 2147483647;
			files = (
				ECA57DA11F71BE4800107011 /* ViewController.swift in Sources */,
				ECA57DA71F71BE4800107011 /* JSON.xcdatamodeld in Sources */,
				ECA57D9F1F71BE4800107011 /* AppDelegate.swift in Sources */,
			);
			runOnlyForDeploymentPostprocessing = 0;
		};
/* End PBXSourcesBuildPhase section */

/* Begin PBXVariantGroup section */
		ECA57DA21F71BE4800107011 /* Main.storyboard */ = {
			isa = PBXVariantGroup;
			children = (
				ECA57DA31F71BE4800107011 /* Base */,
			);
			name = Main.storyboard;
			sourceTree = "<group>";
		};
		ECA57DAA1F71BE4900107011 /* LaunchScreen.storyboard */ = {
			isa = PBXVariantGroup;
			children = (
				ECA57DAB1F71BE4900107011 /* Base */,
			);
			name = LaunchScreen.storyboard;
			sourceTree = "<group>";
		};
/* End PBXVariantGroup section */

/* Begin XCBuildConfiguration section */
		ECA57DAE1F71BE4900107011 /* Debug */ = {
			isa = XCBuildConfiguration;
			buildSettings = {
				ALWAYS_SEARCH_USER_PATHS = NO;
				CLANG_ANALYZER_NONNULL = YES;
				CLANG_ANALYZER_NUMBER_OBJECT_CONVERSION = YES_AGGRESSIVE;
				CLANG_CXX_LANGUAGE_STANDARD = "gnu++0x";
				CLANG_CXX_LIBRARY = "libc++";
				CLANG_ENABLE_MODULES = YES;
				CLANG_ENABLE_OBJC_ARC = YES;
				CLANG_WARN_BOOL_CONVERSION = YES;
				CLANG_WARN_CONSTANT_CONVERSION = YES;
				CLANG_WARN_DIRECT_OBJC_ISA_USAGE = YES_ERROR;
				CLANG_WARN_DOCUMENTATION_COMMENTS = YES;
				CLANG_WARN_EMPTY_BODY = YES;
				CLANG_WARN_ENUM_CONVERSION = YES;
				CLANG_WARN_INFINITE_RECURSION = YES;
				CLANG_WARN_INT_CONVERSION = YES;
				CLANG_WARN_OBJC_ROOT_CLASS = YES_ERROR;
				CLANG_WARN_SUSPICIOUS_MOVE = YES;
				CLANG_WARN_UNREACHABLE_CODE = YES;
				CLANG_WARN__DUPLICATE_METHOD_MATCH = YES;
				"CODE_SIGN_IDENTITY[sdk=iphoneos*]" = "iPhone Developer";
				COPY_PHASE_STRIP = NO;
				DEBUG_INFORMATION_FORMAT = dwarf;
				ENABLE_STRICT_OBJC_MSGSEND = YES;
				ENABLE_TESTABILITY = YES;
				GCC_C_LANGUAGE_STANDARD = gnu99;
				GCC_DYNAMIC_NO_PIC = NO;
				GCC_NO_COMMON_BLOCKS = YES;
				GCC_OPTIMIZATION_LEVEL = 0;
				GCC_PREPROCESSOR_DEFINITIONS = (
					"DEBUG=1",
					"$(inherited)",
				);
				GCC_WARN_64_TO_32_BIT_CONVERSION = YES;
				GCC_WARN_ABOUT_RETURN_TYPE = YES_ERROR;
				GCC_WARN_UNDECLARED_SELECTOR = YES;
				GCC_WARN_UNINITIALIZED_AUTOS = YES_AGGRESSIVE;
				GCC_WARN_UNUSED_FUNCTION = YES;
				GCC_WARN_UNUSED_VARIABLE = YES;
				IPHONEOS_DEPLOYMENT_TARGET = 10.3;
				MTL_ENABLE_DEBUG_INFO = YES;
				ONLY_ACTIVE_ARCH = YES;
				SDKROOT = iphoneos;
				SWIFT_ACTIVE_COMPILATION_CONDITIONS = DEBUG;
				SWIFT_OPTIMIZATION_LEVEL = "-Onone";
			};
			name = Debug;
		};
		ECA57DAF1F71BE4900107011 /* Release */ = {
			isa = XCBuildConfiguration;
			buildSettings = {
				ALWAYS_SEARCH_USER_PATHS = NO;
				CLANG_ANALYZER_NONNULL = YES;
				CLANG_ANALYZER_NUMBER_OBJECT_CONVERSION = YES_AGGRESSIVE;
				CLANG_CXX_LANGUAGE_STANDARD = "gnu++0x";
				CLANG_CXX_LIBRARY = "libc++";
				CLANG_ENABLE_MODULES = YES;
				CLANG_ENABLE_OBJC_ARC = YES;
				CLANG_WARN_BOOL_CONVERSION = YES;
				CLANG_WARN_CONSTANT_CONVERSION = YES;
				CLANG_WARN_DIRECT_OBJC_ISA_USAGE = YES_ERROR;
				CLANG_WARN_DOCUMENTATION_COMMENTS = YES;
				CLANG_WARN_EMPTY_BODY = YES;
				CLANG_WARN_ENUM_CONVERSION = YES;
				CLANG_WARN_INFINITE_RECURSION = YES;
				CLANG_WARN_INT_CONVERSION = YES;
				CLANG_WARN_OBJC_ROOT_CLASS = YES_ERROR;
				CLANG_WARN_SUSPICIOUS_MOVE = YES;
				CLANG_WARN_UNREACHABLE_CODE = YES;
				CLANG_WARN__DUPLICATE_METHOD_MATCH = YES;
				"CODE_SIGN_IDENTITY[sdk=iphoneos*]" = "iPhone Developer";
				COPY_PHASE_STRIP = NO;
				DEBUG_INFORMATION_FORMAT = "dwarf-with-dsym";
				ENABLE_NS_ASSERTIONS = NO;
				ENABLE_STRICT_OBJC_MSGSEND = YES;
				GCC_C_LANGUAGE_STANDARD = gnu99;
				GCC_NO_COMMON_BLOCKS = YES;
				GCC_WARN_64_TO_32_BIT_CONVERSION = YES;
				GCC_WARN_ABOUT_RETURN_TYPE = YES_ERROR;
				GCC_WARN_UNDECLARED_SELECTOR = YES;
				GCC_WARN_UNINITIALIZED_AUTOS = YES_AGGRESSIVE;
				GCC_WARN_UNUSED_FUNCTION = YES;
				GCC_WARN_UNUSED_VARIABLE = YES;
				IPHONEOS_DEPLOYMENT_TARGET = 10.3;
				MTL_ENABLE_DEBUG_INFO = NO;
				SDKROOT = iphoneos;
				SWIFT_OPTIMIZATION_LEVEL = "-Owholemodule";
				VALIDATE_PRODUCT = YES;
			};
			name = Release;
		};
		ECA57DB11F71BE4900107011 /* Debug */ = {
			isa = XCBuildConfiguration;
			buildSettings = {
				ASSETCATALOG_COMPILER_APPICON_NAME = AppIcon;
				DEVELOPMENT_TEAM = 966867LLZX;
				INFOPLIST_FILE = JSON/Info.plist;
				LD_RUNPATH_SEARCH_PATHS = "$(inherited) @executable_path/Frameworks";
				PRODUCT_BUNDLE_IDENTIFIER = gustavosevero.JSON;
				PRODUCT_NAME = "$(TARGET_NAME)";
				SWIFT_VERSION = 3.0;
			};
			name = Debug;
		};
		ECA57DB21F71BE4900107011 /* Release */ = {
			isa = XCBuildConfiguration;
			buildSettings = {
				ASSETCATALOG_COMPILER_APPICON_NAME = AppIcon;
				DEVELOPMENT_TEAM = 966867LLZX;
				INFOPLIST_FILE = JSON/Info.plist;
				LD_RUNPATH_SEARCH_PATHS = "$(inherited) @executable_path/Frameworks";
				PRODUCT_BUNDLE_IDENTIFIER = gustavosevero.JSON;
				PRODUCT_NAME = "$(TARGET_NAME)";
				SWIFT_VERSION = 3.0;
			};
			name = Release;
		};
/* End XCBuildConfiguration section */

/* Begin XCConfigurationList section */
		ECA57D961F71BE4800107011 /* Build configuration list for PBXProject "JSON" */ = {
			isa = XCConfigurationList;
			buildConfigurations = (
				ECA57DAE1F71BE4900107011 /* Debug */,
				ECA57DAF1F71BE4900107011 /* Release */,
			);
			defaultConfigurationIsVisible = 0;
			defaultConfigurationName = Release;
		};
		ECA57DB01F71BE4900107011 /* Build configuration list for PBXNativeTarget "JSON" */ = {
			isa = XCConfigurationList;
			buildConfigurations = (
				ECA57DB11F71BE4900107011 /* Debug */,
				ECA57DB21F71BE4900107011 /* Release */,
			);
			defaultConfigurationIsVisible = 0;
		};
/* End XCConfigurationList section */

/* Begin XCVersionGroup section */
		ECA57DA51F71BE4800107011 /* JSON.xcdatamodeld */ = {
			isa = XCVersionGroup;
			children = (
				ECA57DA61F71BE4800107011 /* JSON.xcdatamodel */,
			);
			currentVersion = ECA57DA61F71BE4800107011 /* JSON.xcdatamodel */;
			path = JSON.xcdatamodeld;
			sourceTree = "<group>";
			versionGroupType = wrapper.xcdatamodel;
		};
/* End XCVersionGroup section */
	};
	rootObject = ECA57D931F71BE4800107011 /* Project object */;
}
