// !$*UTF8*$!
{
	archiveVersion = 1;
	classes = {
	};
	objectVersion = 46;
	objects = {

/* Begin PBXBuildFile section */
		ECFAA7DE1ECFF489001EC82C /* AppDelegate.swift in Sources */ = {isa = PBXBuildFile; fileRef = ECFAA7DD1ECFF489001EC82C /* AppDelegate.swift */; };
		ECFAA7E01ECFF489001EC82C /* ViewController.swift in Sources */ = {isa = PBXBuildFile; fileRef = ECFAA7DF1ECFF489001EC82C /* ViewController.swift */; };
		ECFAA7E31ECFF489001EC82C /* Main.storyboard in Resources */ = {isa = PBXBuildFile; fileRef = ECFAA7E11ECFF489001EC82C /* Main.storyboard */; };
		ECFAA7E51ECFF489001EC82C /* Assets.xcassets in Resources */ = {isa = PBXBuildFile; fileRef = ECFAA7E41ECFF489001EC82C /* Assets.xcassets */; };
		ECFAA7E81ECFF489001EC82C /* LaunchScreen.storyboard in Resources */ = {isa = PBXBuildFile; fileRef = ECFAA7E61ECFF489001EC82C /* LaunchScreen.storyboard */; };
		ECFAA7F01ECFF5B4001EC82C /* Filme.swift in Sources */ = {isa = PBXBuildFile; fileRef = ECFAA7EF1ECFF5B4001EC82C /* Filme.swift */; };
		ECFAA7F21ED0E4A5001EC82C /* FilmeCelula.swift in Sources */ = {isa = PBXBuildFile; fileRef = ECFAA7F11ED0E4A5001EC82C /* FilmeCelula.swift */; };
		ECFAA7F41ED3572A001EC82C /* DetalhesFilmeViewController.swift in Sources */ = {isa = PBXBuildFile; fileRef = ECFAA7F31ED3572A001EC82C /* DetalhesFilmeViewController.swift */; };
/* End PBXBuildFile section */

/* Begin PBXFileReference section */
		ECFAA7DA1ECFF489001EC82C /* Meus Filmes.app */ = {isa = PBXFileReference; explicitFileType = wrapper.application; includeInIndex = 0; path = "Meus Filmes.app"; sourceTree = BUILT_PRODUCTS_DIR; };
		ECFAA7DD1ECFF489001EC82C /* AppDelegate.swift */ = {isa = PBXFileReference; lastKnownFileType = sourcecode.swift; path = AppDelegate.swift; sourceTree = "<group>"; };
		ECFAA7DF1ECFF489001EC82C /* ViewController.swift */ = {isa = PBXFileReference; lastKnownFileType = sourcecode.swift; path = ViewController.swift; sourceTree = "<group>"; };
		ECFAA7E21ECFF489001EC82C /* Base */ = {isa = PBXFileReference; lastKnownFileType = file.storyboard; name = Base; path = Base.lproj/Main.storyboard; sourceTree = "<group>"; };
		ECFAA7E41ECFF489001EC82C /* Assets.xcassets */ = {isa = PBXFileReference; lastKnownFileType = folder.assetcatalog; path = Assets.xcassets; sourceTree = "<group>"; };
		ECFAA7E71ECFF489001EC82C /* Base */ = {isa = PBXFileReference; lastKnownFileType = file.storyboard; name = Base; path = Base.lproj/LaunchScreen.storyboard; sourceTree = "<group>"; };
		ECFAA7E91ECFF489001EC82C /* Info.plist */ = {isa = PBXFileReference; lastKnownFileType = text.plist.xml; path = Info.plist; sourceTree = "<group>"; };
		ECFAA7EF1ECFF5B4001EC82C /* Filme.swift */ = {isa = PBXFileReference; fileEncoding = 4; lastKnownFileType = sourcecode.swift; path = Filme.swift; sourceTree = "<group>"; };
		ECFAA7F11ED0E4A5001EC82C /* FilmeCelula.swift */ = {isa = PBXFileReference; fileEncoding = 4; lastKnownFileType = sourcecode.swift; path = FilmeCelula.swift; sourceTree = "<group>"; };
		ECFAA7F31ED3572A001EC82C /* DetalhesFilmeViewController.swift */ = {isa = PBXFileReference; fileEncoding = 4; lastKnownFileType = sourcecode.swift; path = DetalhesFilmeViewController.swift; sourceTree = "<group>"; };
/* End PBXFileReference section */

/* Begin PBXFrameworksBuildPhase section */
		ECFAA7D71ECFF488001EC82C /* Frameworks */ = {
			isa = PBXFrameworksBuildPhase;
			buildActionMask = 2147483647;
			files = (
			);
			runOnlyForDeploymentPostprocessing = 0;
		};
/* End PBXFrameworksBuildPhase section */

/* Begin PBXGroup section */
		ECFAA7D11ECFF488001EC82C = {
			isa = PBXGroup;
			children = (
				ECFAA7DC1ECFF489001EC82C /* Meus Filmes */,
				ECFAA7DB1ECFF489001EC82C /* Products */,
			);
			sourceTree = "<group>";
		};
		ECFAA7DB1ECFF489001EC82C /* Products */ = {
			isa = PBXGroup;
			children = (
				ECFAA7DA1ECFF489001EC82C /* Meus Filmes.app */,
			);
			name = Products;
			sourceTree = "<group>";
		};
		ECFAA7DC1ECFF489001EC82C /* Meus Filmes */ = {
			isa = PBXGroup;
			children = (
				ECFAA7DD1ECFF489001EC82C /* AppDelegate.swift */,
				ECFAA7DF1ECFF489001EC82C /* ViewController.swift */,
				ECFAA7EF1ECFF5B4001EC82C /* Filme.swift */,
				ECFAA7E11ECFF489001EC82C /* Main.storyboard */,
				ECFAA7F31ED3572A001EC82C /* DetalhesFilmeViewController.swift */,
				ECFAA7F11ED0E4A5001EC82C /* FilmeCelula.swift */,
				ECFAA7E41ECFF489001EC82C /* Assets.xcassets */,
				ECFAA7E61ECFF489001EC82C /* LaunchScreen.storyboard */,
				ECFAA7E91ECFF489001EC82C /* Info.plist */,
			);
			path = "Meus Filmes";
			sourceTree = "<group>";
		};
/* End PBXGroup section */

/* Begin PBXNativeTarget section */
		ECFAA7D91ECFF488001EC82C /* Meus Filmes */ = {
			isa = PBXNativeTarget;
			buildConfigurationList = ECFAA7EC1ECFF489001EC82C /* Build configuration list for PBXNativeTarget "Meus Filmes" */;
			buildPhases = (
				ECFAA7D61ECFF488001EC82C /* Sources */,
				ECFAA7D71ECFF488001EC82C /* Frameworks */,
				ECFAA7D81ECFF488001EC82C /* Resources */,
			);
			buildRules = (
			);
			dependencies = (
			);
			name = "Meus Filmes";
			productName = "Meus Filmes";
			productReference = ECFAA7DA1ECFF489001EC82C /* Meus Filmes.app */;
			productType = "com.apple.product-type.application";
		};
/* End PBXNativeTarget section */

/* Begin PBXProject section */
		ECFAA7D21ECFF488001EC82C /* Project object */ = {
			isa = PBXProject;
			attributes = {
				LastSwiftUpdateCheck = 0820;
				LastUpgradeCheck = 0820;
				ORGANIZATIONNAME = "Gustavo Severo";
				TargetAttributes = {
					ECFAA7D91ECFF488001EC82C = {
						CreatedOnToolsVersion = 8.2.1;
						DevelopmentTeam = 966867LLZX;
						ProvisioningStyle = Automatic;
					};
				};
			};
			buildConfigurationList = ECFAA7D51ECFF488001EC82C /* Build configuration list for PBXProject "Meus Filmes" */;
			compatibilityVersion = "Xcode 3.2";
			developmentRegion = English;
			hasScannedForEncodings = 0;
			knownRegions = (
				en,
				Base,
			);
			mainGroup = ECFAA7D11ECFF488001EC82C;
			productRefGroup = ECFAA7DB1ECFF489001EC82C /* Products */;
			projectDirPath = "";
			projectRoot = "";
			targets = (
				ECFAA7D91ECFF488001EC82C /* Meus Filmes */,
			);
		};
/* End PBXProject section */

/* Begin PBXResourcesBuildPhase section */
		ECFAA7D81ECFF488001EC82C /* Resources */ = {
			isa = PBXResourcesBuildPhase;
			buildActionMask = 2147483647;
			files = (
				ECFAA7E81ECFF489001EC82C /* LaunchScreen.storyboard in Resources */,
				ECFAA7E51ECFF489001EC82C /* Assets.xcassets in Resources */,
				ECFAA7E31ECFF489001EC82C /* Main.storyboard in Resources */,
			);
			runOnlyForDeploymentPostprocessing = 0;
		};
/* End PBXResourcesBuildPhase section */

/* Begin PBXSourcesBuildPhase section */
		ECFAA7D61ECFF488001EC82C /* Sources */ = {
			isa = PBXSourcesBuildPhase;
			buildActionMask = 2147483647;
			files = (
				ECFAA7E01ECFF489001EC82C /* ViewController.swift in Sources */,
				ECFAA7F01ECFF5B4001EC82C /* Filme.swift in Sources */,
				ECFAA7F41ED3572A001EC82C /* DetalhesFilmeViewController.swift in Sources */,
				ECFAA7DE1ECFF489001EC82C /* AppDelegate.swift in Sources */,
				ECFAA7F21ED0E4A5001EC82C /* FilmeCelula.swift in Sources */,
			);
			runOnlyForDeploymentPostprocessing = 0;
		};
/* End PBXSourcesBuildPhase section */

/* Begin PBXVariantGroup section */
		ECFAA7E11ECFF489001EC82C /* Main.storyboard */ = {
			isa = PBXVariantGroup;
			children = (
				ECFAA7E21ECFF489001EC82C /* Base */,
			);
			name = Main.storyboard;
			sourceTree = "<group>";
		};
		ECFAA7E61ECFF489001EC82C /* LaunchScreen.storyboard */ = {
			isa = PBXVariantGroup;
			children = (
				ECFAA7E71ECFF489001EC82C /* Base */,
			);
			name = LaunchScreen.storyboard;
			sourceTree = "<group>";
		};
/* End PBXVariantGroup section */

/* Begin XCBuildConfiguration section */
		ECFAA7EA1ECFF489001EC82C /* Debug */ = {
			isa = XCBuildConfiguration;
			buildSettings = {
				ALWAYS_SEARCH_USER_PATHS = NO;
				CLANG_ANALYZER_NONNULL = YES;
				CLANG_CXX_LANGUAGE_STANDARD = "gnu++0x";
				CLANG_CXX_LIBRARY = "libc++";
				CLANG_ENABLE_MODULES = YES;
				CLANG_ENABLE_OBJC_ARC = YES;
				CLANG_WARN_BOOL_CONVERSION = YES;
				CLANG_WARN_CONSTANT_CONVERSION = YES;
				CLANG_WARN_DIRECT_OBJC_ISA_USAGE = YES_ERROR;
				CLANG_WARN_DOCUMENTATION_COMMENTS = YES;
				CLANG_WARN_EMPTY_BODY = YES;
				CLANG_WARN_ENUM_CONVERSION = YES;
				CLANG_WARN_INFINITE_RECURSION = YES;
				CLANG_WARN_INT_CONVERSION = YES;
				CLANG_WARN_OBJC_ROOT_CLASS = YES_ERROR;
				CLANG_WARN_SUSPICIOUS_MOVE = YES;
				CLANG_WARN_UNREACHABLE_CODE = YES;
				CLANG_WARN__DUPLICATE_METHOD_MATCH = YES;
				"CODE_SIGN_IDENTITY[sdk=iphoneos*]" = "iPhone Developer";
				COPY_PHASE_STRIP = NO;
				DEBUG_INFORMATION_FORMAT = dwarf;
				ENABLE_STRICT_OBJC_MSGSEND = YES;
				ENABLE_TESTABILITY = YES;
				GCC_C_LANGUAGE_STANDARD = gnu99;
				GCC_DYNAMIC_NO_PIC = NO;
				GCC_NO_COMMON_BLOCKS = YES;
				GCC_OPTIMIZATION_LEVEL = 0;
				GCC_PREPROCESSOR_DEFINITIONS = (
					"DEBUG=1",
					"$(inherited)",
				);
				GCC_WARN_64_TO_32_BIT_CONVERSION = YES;
				GCC_WARN_ABOUT_RETURN_TYPE = YES_ERROR;
				GCC_WARN_UNDECLARED_SELECTOR = YES;
				GCC_WARN_UNINITIALIZED_AUTOS = YES_AGGRESSIVE;
				GCC_WARN_UNUSED_FUNCTION = YES;
				GCC_WARN_UNUSED_VARIABLE = YES;
				IPHONEOS_DEPLOYMENT_TARGET = 10.2;
				MTL_ENABLE_DEBUG_INFO = YES;
				ONLY_ACTIVE_ARCH = YES;
				SDKROOT = iphoneos;
				SWIFT_ACTIVE_COMPILATION_CONDITIONS = DEBUG;
				SWIFT_OPTIMIZATION_LEVEL = "-Onone";
			};
			name = Debug;
		};
		ECFAA7EB1ECFF489001EC82C /* Release */ = {
			isa = XCBuildConfiguration;
			buildSettings = {
				ALWAYS_SEARCH_USER_PATHS = NO;
				CLANG_ANALYZER_NONNULL = YES;
				CLANG_CXX_LANGUAGE_STANDARD = "gnu++0x";
				CLANG_CXX_LIBRARY = "libc++";
				CLANG_ENABLE_MODULES = YES;
				CLANG_ENABLE_OBJC_ARC = YES;
				CLANG_WARN_BOOL_CONVERSION = YES;
				CLANG_WARN_CONSTANT_CONVERSION = YES;
				CLANG_WARN_DIRECT_OBJC_ISA_USAGE = YES_ERROR;
				CLANG_WARN_DOCUMENTATION_COMMENTS = YES;
				CLANG_WARN_EMPTY_BODY = YES;
				CLANG_WARN_ENUM_CONVERSION = YES;
				CLANG_WARN_INFINITE_RECURSION = YES;
				CLANG_WARN_INT_CONVERSION = YES;
				CLANG_WARN_OBJC_ROOT_CLASS = YES_ERROR;
				CLANG_WARN_SUSPICIOUS_MOVE = YES;
				CLANG_WARN_UNREACHABLE_CODE = YES;
				CLANG_WARN__DUPLICATE_METHOD_MATCH = YES;
				"CODE_SIGN_IDENTITY[sdk=iphoneos*]" = "iPhone Developer";
				COPY_PHASE_STRIP = NO;
				DEBUG_INFORMATION_FORMAT = "dwarf-with-dsym";
				ENABLE_NS_ASSERTIONS = NO;
				ENABLE_STRICT_OBJC_MSGSEND = YES;
				GCC_C_LANGUAGE_STANDARD = gnu99;
				GCC_NO_COMMON_BLOCKS = YES;
				GCC_WARN_64_TO_32_BIT_CONVERSION = YES;
				GCC_WARN_ABOUT_RETURN_TYPE = YES_ERROR;
				GCC_WARN_UNDECLARED_SELECTOR = YES;
				GCC_WARN_UNINITIALIZED_AUTOS = YES_AGGRESSIVE;
				GCC_WARN_UNUSED_FUNCTION = YES;
				GCC_WARN_UNUSED_VARIABLE = YES;
				IPHONEOS_DEPLOYMENT_TARGET = 10.2;
				MTL_ENABLE_DEBUG_INFO = NO;
				SDKROOT = iphoneos;
				SWIFT_OPTIMIZATION_LEVEL = "-Owholemodule";
				VALIDATE_PRODUCT = YES;
			};
			name = Release;
		};
		ECFAA7ED1ECFF489001EC82C /* Debug */ = {
			isa = XCBuildConfiguration;
			buildSettings = {
				ASSETCATALOG_COMPILER_APPICON_NAME = AppIcon;
				DEVELOPMENT_TEAM = 966867LLZX;
				INFOPLIST_FILE = "Meus Filmes/Info.plist";
				LD_RUNPATH_SEARCH_PATHS = "$(inherited) @executable_path/Frameworks";
				PRODUCT_BUNDLE_IDENTIFIER = "gustavosevero.Meus-Filmes";
				PRODUCT_NAME = "$(TARGET_NAME)";
				SWIFT_VERSION = 3.0;
			};
			name = Debug;
		};
		ECFAA7EE1ECFF489001EC82C /* Release */ = {
			isa = XCBuildConfiguration;
			buildSettings = {
				ASSETCATALOG_COMPILER_APPICON_NAME = AppIcon;
				DEVELOPMENT_TEAM = 966867LLZX;
				INFOPLIST_FILE = "Meus Filmes/Info.plist";
				LD_RUNPATH_SEARCH_PATHS = "$(inherited) @executable_path/Frameworks";
				PRODUCT_BUNDLE_IDENTIFIER = "gustavosevero.Meus-Filmes";
				PRODUCT_NAME = "$(TARGET_NAME)";
				SWIFT_VERSION = 3.0;
			};
			name = Release;
		};
/* End XCBuildConfiguration section */

/* Begin XCConfigurationList section */
		ECFAA7D51ECFF488001EC82C /* Build configuration list for PBXProject "Meus Filmes" */ = {
			isa = XCConfigurationList;
			buildConfigurations = (
				ECFAA7EA1ECFF489001EC82C /* Debug */,
				ECFAA7EB1ECFF489001EC82C /* Release */,
			);
			defaultConfigurationIsVisible = 0;
			defaultConfigurationName = Release;
		};
		ECFAA7EC1ECFF489001EC82C /* Build configuration list for PBXNativeTarget "Meus Filmes" */ = {
			isa = XCConfigurationList;
			buildConfigurations = (
				ECFAA7ED1ECFF489001EC82C /* Debug */,
				ECFAA7EE1ECFF489001EC82C /* Release */,
			);
			defaultConfigurationIsVisible = 0;
		};
/* End XCConfigurationList section */
	};
	rootObject = ECFAA7D21ECFF488001EC82C /* Project object */;
}
