// !$*UTF8*$!
{
	archiveVersion = 1;
	classes = {
	};
	objectVersion = 46;
	objects = {

/* Begin PBXBuildFile section */
		ECFAA8021ED362EC001EC82C /* AppDelegate.swift in Sources */ = {isa = PBXBuildFile; fileRef = ECFAA8011ED362EC001EC82C /* AppDelegate.swift */; };
		ECFAA8041ED362EC001EC82C /* ViewController.swift in Sources */ = {isa = PBXBuildFile; fileRef = ECFAA8031ED362EC001EC82C /* ViewController.swift */; };
		ECFAA8071ED362ED001EC82C /* Main.storyboard in Resources */ = {isa = PBXBuildFile; fileRef = ECFAA8051ED362ED001EC82C /* Main.storyboard */; };
		ECFAA8091ED362ED001EC82C /* Assets.xcassets in Resources */ = {isa = PBXBuildFile; fileRef = ECFAA8081ED362ED001EC82C /* Assets.xcassets */; };
		ECFAA80C1ED362ED001EC82C /* LaunchScreen.storyboard in Resources */ = {isa = PBXBuildFile; fileRef = ECFAA80A1ED362ED001EC82C /* LaunchScreen.storyboard */; };
		ECFAA8141ED364CE001EC82C /* DetalhesViewController.swift in Sources */ = {isa = PBXBuildFile; fileRef = ECFAA8131ED364CE001EC82C /* DetalhesViewController.swift */; };
/* End PBXBuildFile section */

/* Begin PBXFileReference section */
		ECFAA7FE1ED362EC001EC82C /* Passando dados entre views.app */ = {isa = PBXFileReference; explicitFileType = wrapper.application; includeInIndex = 0; path = "Passando dados entre views.app"; sourceTree = BUILT_PRODUCTS_DIR; };
		ECFAA8011ED362EC001EC82C /* AppDelegate.swift */ = {isa = PBXFileReference; lastKnownFileType = sourcecode.swift; path = AppDelegate.swift; sourceTree = "<group>"; };
		ECFAA8031ED362EC001EC82C /* ViewController.swift */ = {isa = PBXFileReference; lastKnownFileType = sourcecode.swift; path = ViewController.swift; sourceTree = "<group>"; };
		ECFAA8061ED362ED001EC82C /* Base */ = {isa = PBXFileReference; lastKnownFileType = file.storyboard; name = Base; path = Base.lproj/Main.storyboard; sourceTree = "<group>"; };
		ECFAA8081ED362ED001EC82C /* Assets.xcassets */ = {isa = PBXFileReference; lastKnownFileType = folder.assetcatalog; path = Assets.xcassets; sourceTree = "<group>"; };
		ECFAA80B1ED362ED001EC82C /* Base */ = {isa = PBXFileReference; lastKnownFileType = file.storyboard; name = Base; path = Base.lproj/LaunchScreen.storyboard; sourceTree = "<group>"; };
		ECFAA80D1ED362ED001EC82C /* Info.plist */ = {isa = PBXFileReference; lastKnownFileType = text.plist.xml; path = Info.plist; sourceTree = "<group>"; };
		ECFAA8131ED364CE001EC82C /* DetalhesViewController.swift */ = {isa = PBXFileReference; fileEncoding = 4; lastKnownFileType = sourcecode.swift; path = DetalhesViewController.swift; sourceTree = "<group>"; };
/* End PBXFileReference section */

/* Begin PBXFrameworksBuildPhase section */
		ECFAA7FB1ED362EC001EC82C /* Frameworks */ = {
			isa = PBXFrameworksBuildPhase;
			buildActionMask = 2147483647;
			files = (
			);
			runOnlyForDeploymentPostprocessing = 0;
		};
/* End PBXFrameworksBuildPhase section */

/* Begin PBXGroup section */
		ECFAA7F51ED362EC001EC82C = {
			isa = PBXGroup;
			children = (
				ECFAA8001ED362EC001EC82C /* Passando dados entre views */,
				ECFAA7FF1ED362EC001EC82C /* Products */,
			);
			sourceTree = "<group>";
		};
		ECFAA7FF1ED362EC001EC82C /* Products */ = {
			isa = PBXGroup;
			children = (
				ECFAA7FE1ED362EC001EC82C /* Passando dados entre views.app */,
			);
			name = Products;
			sourceTree = "<group>";
		};
		ECFAA8001ED362EC001EC82C /* Passando dados entre views */ = {
			isa = PBXGroup;
			children = (
				ECFAA8011ED362EC001EC82C /* AppDelegate.swift */,
				ECFAA8031ED362EC001EC82C /* ViewController.swift */,
				ECFAA8131ED364CE001EC82C /* DetalhesViewController.swift */,
				ECFAA8051ED362ED001EC82C /* Main.storyboard */,
				ECFAA8081ED362ED001EC82C /* Assets.xcassets */,
				ECFAA80A1ED362ED001EC82C /* LaunchScreen.storyboard */,
				ECFAA80D1ED362ED001EC82C /* Info.plist */,
			);
			path = "Passando dados entre views";
			sourceTree = "<group>";
		};
/* End PBXGroup section */

/* Begin PBXNativeTarget section */
		ECFAA7FD1ED362EC001EC82C /* Passando dados entre views */ = {
			isa = PBXNativeTarget;
			buildConfigurationList = ECFAA8101ED362ED001EC82C /* Build configuration list for PBXNativeTarget "Passando dados entre views" */;
			buildPhases = (
				ECFAA7FA1ED362EC001EC82C /* Sources */,
				ECFAA7FB1ED362EC001EC82C /* Frameworks */,
				ECFAA7FC1ED362EC001EC82C /* Resources */,
			);
			buildRules = (
			);
			dependencies = (
			);
			name = "Passando dados entre views";
			productName = "Passando dados entre views";
			productReference = ECFAA7FE1ED362EC001EC82C /* Passando dados entre views.app */;
			productType = "com.apple.product-type.application";
		};
/* End PBXNativeTarget section */

/* Begin PBXProject section */
		ECFAA7F61ED362EC001EC82C /* Project object */ = {
			isa = PBXProject;
			attributes = {
				LastSwiftUpdateCheck = 0820;
				LastUpgradeCheck = 0820;
				ORGANIZATIONNAME = "Gustavo Severo";
				TargetAttributes = {
					ECFAA7FD1ED362EC001EC82C = {
						CreatedOnToolsVersion = 8.2.1;
						DevelopmentTeam = 966867LLZX;
						ProvisioningStyle = Automatic;
					};
				};
			};
			buildConfigurationList = ECFAA7F91ED362EC001EC82C /* Build configuration list for PBXProject "Passando dados entre views" */;
			compatibilityVersion = "Xcode 3.2";
			developmentRegion = English;
			hasScannedForEncodings = 0;
			knownRegions = (
				en,
				Base,
			);
			mainGroup = ECFAA7F51ED362EC001EC82C;
			productRefGroup = ECFAA7FF1ED362EC001EC82C /* Products */;
			projectDirPath = "";
			projectRoot = "";
			targets = (
				ECFAA7FD1ED362EC001EC82C /* Passando dados entre views */,
			);
		};
/* End PBXProject section */

/* Begin PBXResourcesBuildPhase section */
		ECFAA7FC1ED362EC001EC82C /* Resources */ = {
			isa = PBXResourcesBuildPhase;
			buildActionMask = 2147483647;
			files = (
				ECFAA80C1ED362ED001EC82C /* LaunchScreen.storyboard in Resources */,
				ECFAA8091ED362ED001EC82C /* Assets.xcassets in Resources */,
				ECFAA8071ED362ED001EC82C /* Main.storyboard in Resources */,
			);
			runOnlyForDeploymentPostprocessing = 0;
		};
/* End PBXResourcesBuildPhase section */

/* Begin PBXSourcesBuildPhase section */
		ECFAA7FA1ED362EC001EC82C /* Sources */ = {
			isa = PBXSourcesBuildPhase;
			buildActionMask = 2147483647;
			files = (
				ECFAA8041ED362EC001EC82C /* ViewController.swift in Sources */,
				ECFAA8021ED362EC001EC82C /* AppDelegate.swift in Sources */,
				ECFAA8141ED364CE001EC82C /* DetalhesViewController.swift in Sources */,
			);
			runOnlyForDeploymentPostprocessing = 0;
		};
/* End PBXSourcesBuildPhase section */

/* Begin PBXVariantGroup section */
		ECFAA8051ED362ED001EC82C /* Main.storyboard */ = {
			isa = PBXVariantGroup;
			children = (
				ECFAA8061ED362ED001EC82C /* Base */,
			);
			name = Main.storyboard;
			sourceTree = "<group>";
		};
		ECFAA80A1ED362ED001EC82C /* LaunchScreen.storyboard */ = {
			isa = PBXVariantGroup;
			children = (
				ECFAA80B1ED362ED001EC82C /* Base */,
			);
			name = LaunchScreen.storyboard;
			sourceTree = "<group>";
		};
/* End PBXVariantGroup section */

/* Begin XCBuildConfiguration section */
		ECFAA80E1ED362ED001EC82C /* Debug */ = {
			isa = XCBuildConfiguration;
			buildSettings = {
				ALWAYS_SEARCH_USER_PATHS = NO;
				CLANG_ANALYZER_NONNULL = YES;
				CLANG_CXX_LANGUAGE_STANDARD = "gnu++0x";
				CLANG_CXX_LIBRARY = "libc++";
				CLANG_ENABLE_MODULES = YES;
				CLANG_ENABLE_OBJC_ARC = YES;
				CLANG_WARN_BOOL_CONVERSION = YES;
				CLANG_WARN_CONSTANT_CONVERSION = YES;
				CLANG_WARN_DIRECT_OBJC_ISA_USAGE = YES_ERROR;
				CLANG_WARN_DOCUMENTATION_COMMENTS = YES;
				CLANG_WARN_EMPTY_BODY = YES;
				CLANG_WARN_ENUM_CONVERSION = YES;
				CLANG_WARN_INFINITE_RECURSION = YES;
				CLANG_WARN_INT_CONVERSION = YES;
				CLANG_WARN_OBJC_ROOT_CLASS = YES_ERROR;
				CLANG_WARN_SUSPICIOUS_MOVE = YES;
				CLANG_WARN_UNREACHABLE_CODE = YES;
				CLANG_WARN__DUPLICATE_METHOD_MATCH = YES;
				"CODE_SIGN_IDENTITY[sdk=iphoneos*]" = "iPhone Developer";
				COPY_PHASE_STRIP = NO;
				DEBUG_INFORMATION_FORMAT = dwarf;
				ENABLE_STRICT_OBJC_MSGSEND = YES;
				ENABLE_TESTABILITY = YES;
				GCC_C_LANGUAGE_STANDARD = gnu99;
				GCC_DYNAMIC_NO_PIC = NO;
				GCC_NO_COMMON_BLOCKS = YES;
				GCC_OPTIMIZATION_LEVEL = 0;
				GCC_PREPROCESSOR_DEFINITIONS = (
					"DEBUG=1",
					"$(inherited)",
				);
				GCC_WARN_64_TO_32_BIT_CONVERSION = YES;
				GCC_WARN_ABOUT_RETURN_TYPE = YES_ERROR;
				GCC_WARN_UNDECLARED_SELECTOR = YES;
				GCC_WARN_UNINITIALIZED_AUTOS = YES_AGGRESSIVE;
				GCC_WARN_UNUSED_FUNCTION = YES;
				GCC_WARN_UNUSED_VARIABLE = YES;
				IPHONEOS_DEPLOYMENT_TARGET = 10.2;
				MTL_ENABLE_DEBUG_INFO = YES;
				ONLY_ACTIVE_ARCH = YES;
				SDKROOT = iphoneos;
				SWIFT_ACTIVE_COMPILATION_CONDITIONS = DEBUG;
				SWIFT_OPTIMIZATION_LEVEL = "-Onone";
			};
			name = Debug;
		};
		ECFAA80F1ED362ED001EC82C /* Release */ = {
			isa = XCBuildConfiguration;
			buildSettings = {
				ALWAYS_SEARCH_USER_PATHS = NO;
				CLANG_ANALYZER_NONNULL = YES;
				CLANG_CXX_LANGUAGE_STANDARD = "gnu++0x";
				CLANG_CXX_LIBRARY = "libc++";
				CLANG_ENABLE_MODULES = YES;
				CLANG_ENABLE_OBJC_ARC = YES;
				CLANG_WARN_BOOL_CONVERSION = YES;
				CLANG_WARN_CONSTANT_CONVERSION = YES;
				CLANG_WARN_DIRECT_OBJC_ISA_USAGE = YES_ERROR;
				CLANG_WARN_DOCUMENTATION_COMMENTS = YES;
				CLANG_WARN_EMPTY_BODY = YES;
				CLANG_WARN_ENUM_CONVERSION = YES;
				CLANG_WARN_INFINITE_RECURSION = YES;
				CLANG_WARN_INT_CONVERSION = YES;
				CLANG_WARN_OBJC_ROOT_CLASS = YES_ERROR;
				CLANG_WARN_SUSPICIOUS_MOVE = YES;
				CLANG_WARN_UNREACHABLE_CODE = YES;
				CLANG_WARN__DUPLICATE_METHOD_MATCH = YES;
				"CODE_SIGN_IDENTITY[sdk=iphoneos*]" = "iPhone Developer";
				COPY_PHASE_STRIP = NO;
				DEBUG_INFORMATION_FORMAT = "dwarf-with-dsym";
				ENABLE_NS_ASSERTIONS = NO;
				ENABLE_STRICT_OBJC_MSGSEND = YES;
				GCC_C_LANGUAGE_STANDARD = gnu99;
				GCC_NO_COMMON_BLOCKS = YES;
				GCC_WARN_64_TO_32_BIT_CONVERSION = YES;
				GCC_WARN_ABOUT_RETURN_TYPE = YES_ERROR;
				GCC_WARN_UNDECLARED_SELECTOR = YES;
				GCC_WARN_UNINITIALIZED_AUTOS = YES_AGGRESSIVE;
				GCC_WARN_UNUSED_FUNCTION = YES;
				GCC_WARN_UNUSED_VARIABLE = YES;
				IPHONEOS_DEPLOYMENT_TARGET = 10.2;
				MTL_ENABLE_DEBUG_INFO = NO;
				SDKROOT = iphoneos;
				SWIFT_OPTIMIZATION_LEVEL = "-Owholemodule";
				VALIDATE_PRODUCT = YES;
			};
			name = Release;
		};
		ECFAA8111ED362ED001EC82C /* Debug */ = {
			isa = XCBuildConfiguration;
			buildSettings = {
				ASSETCATALOG_COMPILER_APPICON_NAME = AppIcon;
				DEVELOPMENT_TEAM = 966867LLZX;
				INFOPLIST_FILE = "Passando dados entre views/Info.plist";
				LD_RUNPATH_SEARCH_PATHS = "$(inherited) @executable_path/Frameworks";
				PRODUCT_BUNDLE_IDENTIFIER = "gustavosevero.Passando-dados-entre-views";
				PRODUCT_NAME = "$(TARGET_NAME)";
				SWIFT_VERSION = 3.0;
			};
			name = Debug;
		};
		ECFAA8121ED362ED001EC82C /* Release */ = {
			isa = XCBuildConfiguration;
			buildSettings = {
				ASSETCATALOG_COMPILER_APPICON_NAME = AppIcon;
				DEVELOPMENT_TEAM = 966867LLZX;
				INFOPLIST_FILE = "Passando dados entre views/Info.plist";
				LD_RUNPATH_SEARCH_PATHS = "$(inherited) @executable_path/Frameworks";
				PRODUCT_BUNDLE_IDENTIFIER = "gustavosevero.Passando-dados-entre-views";
				PRODUCT_NAME = "$(TARGET_NAME)";
				SWIFT_VERSION = 3.0;
			};
			name = Release;
		};
/* End XCBuildConfiguration section */

/* Begin XCConfigurationList section */
		ECFAA7F91ED362EC001EC82C /* Build configuration list for PBXProject "Passando dados entre views" */ = {
			isa = XCConfigurationList;
			buildConfigurations = (
				ECFAA80E1ED362ED001EC82C /* Debug */,
				ECFAA80F1ED362ED001EC82C /* Release */,
			);
			defaultConfigurationIsVisible = 0;
			defaultConfigurationName = Release;
		};
		ECFAA8101ED362ED001EC82C /* Build configuration list for PBXNativeTarget "Passando dados entre views" */ = {
			isa = XCConfigurationList;
			buildConfigurations = (
				ECFAA8111ED362ED001EC82C /* Debug */,
				ECFAA8121ED362ED001EC82C /* Release */,
			);
			defaultConfigurationIsVisible = 0;
		};
/* End XCConfigurationList section */
	};
	rootObject = ECFAA7F61ED362EC001EC82C /* Project object */;
}
