// !$*UTF8*$!
{
	archiveVersion = 1;
	classes = {
	};
	objectVersion = 50;
	objects = {

/* Begin PBXBuildFile section */
		0CE3BC5823A4C0F55B3C7A8D /* libPods-UsingGoogleMaps.a in Frameworks */ = {isa = PBXBuildFile; fileRef = 0FF72FCDBE153F26F7ED653A /* libPods-UsingGoogleMaps.a */; };
		EC77890A209CFC0A0068505C /* AppDelegate.swift in Sources */ = {isa = PBXBuildFile; fileRef = EC778909209CFC0A0068505C /* AppDelegate.swift */; };
		EC77890C209CFC0A0068505C /* ViewController.swift in Sources */ = {isa = PBXBuildFile; fileRef = EC77890B209CFC0A0068505C /* ViewController.swift */; };
		EC77890F209CFC0A0068505C /* Main.storyboard in Resources */ = {isa = PBXBuildFile; fileRef = EC77890D209CFC0A0068505C /* Main.storyboard */; };
		EC778911209CFC110068505C /* Assets.xcassets in Resources */ = {isa = PBXBuildFile; fileRef = EC778910209CFC110068505C /* Assets.xcassets */; };
		EC778914209CFC110068505C /* LaunchScreen.storyboard in Resources */ = {isa = PBXBuildFile; fileRef = EC778912209CFC110068505C /* LaunchScreen.storyboard */; };
		EC77891C209CFC340068505C /* Podfile in Resources */ = {isa = PBXBuildFile; fileRef = EC77891B209CFC340068505C /* Podfile */; };
/* End PBXBuildFile section */

/* Begin PBXFileReference section */
		0FF72FCDBE153F26F7ED653A /* libPods-UsingGoogleMaps.a */ = {isa = PBXFileReference; explicitFileType = archive.ar; includeInIndex = 0; path = "libPods-UsingGoogleMaps.a"; sourceTree = BUILT_PRODUCTS_DIR; };
		87CD2AA8D363F94D3ACD4994 /* Pods-UsingGoogleMaps.debug.xcconfig */ = {isa = PBXFileReference; includeInIndex = 1; lastKnownFileType = text.xcconfig; name = "Pods-UsingGoogleMaps.debug.xcconfig"; path = "Pods/Target Support Files/Pods-UsingGoogleMaps/Pods-UsingGoogleMaps.debug.xcconfig"; sourceTree = "<group>"; };
		C06FBAE33A9D65FA77AAC4E5 /* Pods-UsingGoogleMaps.release.xcconfig */ = {isa = PBXFileReference; includeInIndex = 1; lastKnownFileType = text.xcconfig; name = "Pods-UsingGoogleMaps.release.xcconfig"; path = "Pods/Target Support Files/Pods-UsingGoogleMaps/Pods-UsingGoogleMaps.release.xcconfig"; sourceTree = "<group>"; };
		EC778906209CFC0A0068505C /* UsingGoogleMaps.app */ = {isa = PBXFileReference; explicitFileType = wrapper.application; includeInIndex = 0; path = UsingGoogleMaps.app; sourceTree = BUILT_PRODUCTS_DIR; };
		EC778909209CFC0A0068505C /* AppDelegate.swift */ = {isa = PBXFileReference; lastKnownFileType = sourcecode.swift; path = AppDelegate.swift; sourceTree = "<group>"; };
		EC77890B209CFC0A0068505C /* ViewController.swift */ = {isa = PBXFileReference; lastKnownFileType = sourcecode.swift; path = ViewController.swift; sourceTree = "<group>"; };
		EC77890E209CFC0A0068505C /* Base */ = {isa = PBXFileReference; lastKnownFileType = file.storyboard; name = Base; path = Base.lproj/Main.storyboard; sourceTree = "<group>"; };
		EC778910209CFC110068505C /* Assets.xcassets */ = {isa = PBXFileReference; lastKnownFileType = folder.assetcatalog; path = Assets.xcassets; sourceTree = "<group>"; };
		EC778913209CFC110068505C /* Base */ = {isa = PBXFileReference; lastKnownFileType = file.storyboard; name = Base; path = Base.lproj/LaunchScreen.storyboard; sourceTree = "<group>"; };
		EC778915209CFC110068505C /* Info.plist */ = {isa = PBXFileReference; lastKnownFileType = text.plist.xml; path = Info.plist; sourceTree = "<group>"; };
		EC77891B209CFC340068505C /* Podfile */ = {isa = PBXFileReference; lastKnownFileType = text; path = Podfile; sourceTree = "<group>"; };
/* End PBXFileReference section */

/* Begin PBXFrameworksBuildPhase section */
		EC778903209CFC0A0068505C /* Frameworks */ = {
			isa = PBXFrameworksBuildPhase;
			buildActionMask = 2147483647;
			files = (
				0CE3BC5823A4C0F55B3C7A8D /* libPods-UsingGoogleMaps.a in Frameworks */,
			);
			runOnlyForDeploymentPostprocessing = 0;
		};
/* End PBXFrameworksBuildPhase section */

/* Begin PBXGroup section */
		168EF3E859C6BCFCA861E64C /* Pods */ = {
			isa = PBXGroup;
			children = (
				87CD2AA8D363F94D3ACD4994 /* Pods-UsingGoogleMaps.debug.xcconfig */,
				C06FBAE33A9D65FA77AAC4E5 /* Pods-UsingGoogleMaps.release.xcconfig */,
			);
			name = Pods;
			sourceTree = "<group>";
		};
		6100991D13E92522F0D9FE67 /* Frameworks */ = {
			isa = PBXGroup;
			children = (
				0FF72FCDBE153F26F7ED653A /* libPods-UsingGoogleMaps.a */,
			);
			name = Frameworks;
			sourceTree = "<group>";
		};
		EC7788FD209CFC0A0068505C = {
			isa = PBXGroup;
			children = (
				EC77891B209CFC340068505C /* Podfile */,
				EC778908209CFC0A0068505C /* UsingGoogleMaps */,
				EC778907209CFC0A0068505C /* Products */,
				168EF3E859C6BCFCA861E64C /* Pods */,
				6100991D13E92522F0D9FE67 /* Frameworks */,
			);
			sourceTree = "<group>";
		};
		EC778907209CFC0A0068505C /* Products */ = {
			isa = PBXGroup;
			children = (
				EC778906209CFC0A0068505C /* UsingGoogleMaps.app */,
			);
			name = Products;
			sourceTree = "<group>";
		};
		EC778908209CFC0A0068505C /* UsingGoogleMaps */ = {
			isa = PBXGroup;
			children = (
				EC778909209CFC0A0068505C /* AppDelegate.swift */,
				EC77890B209CFC0A0068505C /* ViewController.swift */,
				EC77890D209CFC0A0068505C /* Main.storyboard */,
				EC778910209CFC110068505C /* Assets.xcassets */,
				EC778912209CFC110068505C /* LaunchScreen.storyboard */,
				EC778915209CFC110068505C /* Info.plist */,
			);
			path = UsingGoogleMaps;
			sourceTree = "<group>";
		};
/* End PBXGroup section */

/* Begin PBXNativeTarget section */
		EC778905209CFC0A0068505C /* UsingGoogleMaps */ = {
			isa = PBXNativeTarget;
			buildConfigurationList = EC778918209CFC110068505C /* Build configuration list for PBXNativeTarget "UsingGoogleMaps" */;
			buildPhases = (
				E91B943D3E30E7F62D8B28C0 /* [CP] Check Pods Manifest.lock */,
				EC778902209CFC0A0068505C /* Sources */,
				EC778903209CFC0A0068505C /* Frameworks */,
				EC778904209CFC0A0068505C /* Resources */,
				23FC51F025D756F1AE046EED /* [CP] Copy Pods Resources */,
			);
			buildRules = (
			);
			dependencies = (
			);
			name = UsingGoogleMaps;
			productName = UsingGoogleMaps;
			productReference = EC778906209CFC0A0068505C /* UsingGoogleMaps.app */;
			productType = "com.apple.product-type.application";
		};
/* End PBXNativeTarget section */

/* Begin PBXProject section */
		EC7788FE209CFC0A0068505C /* Project object */ = {
			isa = PBXProject;
			attributes = {
				LastSwiftUpdateCheck = 0930;
				LastUpgradeCheck = 0930;
				ORGANIZATIONNAME = "Gustavo Severo";
				TargetAttributes = {
					EC778905209CFC0A0068505C = {
						CreatedOnToolsVersion = 9.3;
					};
				};
			};
			buildConfigurationList = EC778901209CFC0A0068505C /* Build configuration list for PBXProject "UsingGoogleMaps" */;
			compatibilityVersion = "Xcode 9.3";
			developmentRegion = en;
			hasScannedForEncodings = 0;
			knownRegions = (
				en,
				Base,
			);
			mainGroup = EC7788FD209CFC0A0068505C;
			productRefGroup = EC778907209CFC0A0068505C /* Products */;
			projectDirPath = "";
			projectRoot = "";
			targets = (
				EC778905209CFC0A0068505C /* UsingGoogleMaps */,
			);
		};
/* End PBXProject section */

/* Begin PBXResourcesBuildPhase section */
		EC778904209CFC0A0068505C /* Resources */ = {
			isa = PBXResourcesBuildPhase;
			buildActionMask = 2147483647;
			files = (
				EC778914209CFC110068505C /* LaunchScreen.storyboard in Resources */,
				EC778911209CFC110068505C /* Assets.xcassets in Resources */,
				EC77891C209CFC340068505C /* Podfile in Resources */,
				EC77890F209CFC0A0068505C /* Main.storyboard in Resources */,
			);
			runOnlyForDeploymentPostprocessing = 0;
		};
/* End PBXResourcesBuildPhase section */

/* Begin PBXShellScriptBuildPhase section */
		23FC51F025D756F1AE046EED /* [CP] Copy Pods Resources */ = {
			isa = PBXShellScriptBuildPhase;
			buildActionMask = 2147483647;
			files = (
			);
			inputPaths = (
				"${SRCROOT}/Pods/Target Support Files/Pods-UsingGoogleMaps/Pods-UsingGoogleMaps-resources.sh",
				"${PODS_ROOT}/GoogleMaps/Maps/Frameworks/GoogleMaps.framework/Versions/A/Resources/GoogleMaps.bundle",
				"${PODS_ROOT}/GooglePlaces/Frameworks/GooglePlaces.framework/Versions/A/Resources/GooglePlaces.bundle",
			);
			name = "[CP] Copy Pods Resources";
			outputPaths = (
				"${TARGET_BUILD_DIR}/${UNLOCALIZED_RESOURCES_FOLDER_PATH}/GoogleMaps.bundle",
				"${TARGET_BUILD_DIR}/${UNLOCALIZED_RESOURCES_FOLDER_PATH}/GooglePlaces.bundle",
			);
			runOnlyForDeploymentPostprocessing = 0;
			shellPath = /bin/sh;
			shellScript = "\"${SRCROOT}/Pods/Target Support Files/Pods-UsingGoogleMaps/Pods-UsingGoogleMaps-resources.sh\"\n";
			showEnvVarsInLog = 0;
		};
		E91B943D3E30E7F62D8B28C0 /* [CP] Check Pods Manifest.lock */ = {
			isa = PBXShellScriptBuildPhase;
			buildActionMask = 2147483647;
			files = (
			);
			inputPaths = (
				"${PODS_PODFILE_DIR_PATH}/Podfile.lock",
				"${PODS_ROOT}/Manifest.lock",
			);
			name = "[CP] Check Pods Manifest.lock";
			outputPaths = (
				"$(DERIVED_FILE_DIR)/Pods-UsingGoogleMaps-checkManifestLockResult.txt",
			);
			runOnlyForDeploymentPostprocessing = 0;
			shellPath = /bin/sh;
			shellScript = "diff \"${PODS_PODFILE_DIR_PATH}/Podfile.lock\" \"${PODS_ROOT}/Manifest.lock\" > /dev/null\nif [ $? != 0 ] ; then\n    # print error to STDERR\n    echo \"error: The sandbox is not in sync with the Podfile.lock. Run 'pod install' or update your CocoaPods installation.\" >&2\n    exit 1\nfi\n# This output is used by Xcode 'outputs' to avoid re-running this script phase.\necho \"SUCCESS\" > \"${SCRIPT_OUTPUT_FILE_0}\"\n";
			showEnvVarsInLog = 0;
		};
/* End PBXShellScriptBuildPhase section */

/* Begin PBXSourcesBuildPhase section */
		EC778902209CFC0A0068505C /* Sources */ = {
			isa = PBXSourcesBuildPhase;
			buildActionMask = 2147483647;
			files = (
				EC77890C209CFC0A0068505C /* ViewController.swift in Sources */,
				EC77890A209CFC0A0068505C /* AppDelegate.swift in Sources */,
			);
			runOnlyForDeploymentPostprocessing = 0;
		};
/* End PBXSourcesBuildPhase section */

/* Begin PBXVariantGroup section */
		EC77890D209CFC0A0068505C /* Main.storyboard */ = {
			isa = PBXVariantGroup;
			children = (
				EC77890E209CFC0A0068505C /* Base */,
			);
			name = Main.storyboard;
			sourceTree = "<group>";
		};
		EC778912209CFC110068505C /* LaunchScreen.storyboard */ = {
			isa = PBXVariantGroup;
			children = (
				EC778913209CFC110068505C /* Base */,
			);
			name = LaunchScreen.storyboard;
			sourceTree = "<group>";
		};
/* End PBXVariantGroup section */

/* Begin XCBuildConfiguration section */
		EC778916209CFC110068505C /* Debug */ = {
			isa = XCBuildConfiguration;
			buildSettings = {
				ALWAYS_SEARCH_USER_PATHS = NO;
				CLANG_ANALYZER_NONNULL = YES;
				CLANG_ANALYZER_NUMBER_OBJECT_CONVERSION = YES_AGGRESSIVE;
				CLANG_CXX_LANGUAGE_STANDARD = "gnu++14";
				CLANG_CXX_LIBRARY = "libc++";
				CLANG_ENABLE_MODULES = YES;
				CLANG_ENABLE_OBJC_ARC = YES;
				CLANG_ENABLE_OBJC_WEAK = YES;
				CLANG_WARN_BLOCK_CAPTURE_AUTORELEASING = YES;
				CLANG_WARN_BOOL_CONVERSION = YES;
				CLANG_WARN_COMMA = YES;
				CLANG_WARN_CONSTANT_CONVERSION = YES;
				CLANG_WARN_DEPRECATED_OBJC_IMPLEMENTATIONS = YES;
				CLANG_WARN_DIRECT_OBJC_ISA_USAGE = YES_ERROR;
				CLANG_WARN_DOCUMENTATION_COMMENTS = YES;
				CLANG_WARN_EMPTY_BODY = YES;
				CLANG_WARN_ENUM_CONVERSION = YES;
				CLANG_WARN_INFINITE_RECURSION = YES;
				CLANG_WARN_INT_CONVERSION = YES;
				CLANG_WARN_NON_LITERAL_NULL_CONVERSION = YES;
				CLANG_WARN_OBJC_IMPLICIT_RETAIN_SELF = YES;
				CLANG_WARN_OBJC_LITERAL_CONVERSION = YES;
				CLANG_WARN_OBJC_ROOT_CLASS = YES_ERROR;
				CLANG_WARN_RANGE_LOOP_ANALYSIS = YES;
				CLANG_WARN_STRICT_PROTOTYPES = YES;
				CLANG_WARN_SUSPICIOUS_MOVE = YES;
				CLANG_WARN_UNGUARDED_AVAILABILITY = YES_AGGRESSIVE;
				CLANG_WARN_UNREACHABLE_CODE = YES;
				CLANG_WARN__DUPLICATE_METHOD_MATCH = YES;
				CODE_SIGN_IDENTITY = "iPhone Developer";
				COPY_PHASE_STRIP = NO;
				DEBUG_INFORMATION_FORMAT = dwarf;
				ENABLE_STRICT_OBJC_MSGSEND = YES;
				ENABLE_TESTABILITY = YES;
				GCC_C_LANGUAGE_STANDARD = gnu11;
				GCC_DYNAMIC_NO_PIC = NO;
				GCC_NO_COMMON_BLOCKS = YES;
				GCC_OPTIMIZATION_LEVEL = 0;
				GCC_PREPROCESSOR_DEFINITIONS = (
					"DEBUG=1",
					"$(inherited)",
				);
				GCC_WARN_64_TO_32_BIT_CONVERSION = YES;
				GCC_WARN_ABOUT_RETURN_TYPE = YES_ERROR;
				GCC_WARN_UNDECLARED_SELECTOR = YES;
				GCC_WARN_UNINITIALIZED_AUTOS = YES_AGGRESSIVE;
				GCC_WARN_UNUSED_FUNCTION = YES;
				GCC_WARN_UNUSED_VARIABLE = YES;
				IPHONEOS_DEPLOYMENT_TARGET = 11.3;
				MTL_ENABLE_DEBUG_INFO = YES;
				ONLY_ACTIVE_ARCH = YES;
				SDKROOT = iphoneos;
				SWIFT_ACTIVE_COMPILATION_CONDITIONS = DEBUG;
				SWIFT_OPTIMIZATION_LEVEL = "-Onone";
			};
			name = Debug;
		};
		EC778917209CFC110068505C /* Release */ = {
			isa = XCBuildConfiguration;
			buildSettings = {
				ALWAYS_SEARCH_USER_PATHS = NO;
				CLANG_ANALYZER_NONNULL = YES;
				CLANG_ANALYZER_NUMBER_OBJECT_CONVERSION = YES_AGGRESSIVE;
				CLANG_CXX_LANGUAGE_STANDARD = "gnu++14";
				CLANG_CXX_LIBRARY = "libc++";
				CLANG_ENABLE_MODULES = YES;
				CLANG_ENABLE_OBJC_ARC = YES;
				CLANG_ENABLE_OBJC_WEAK = YES;
				CLANG_WARN_BLOCK_CAPTURE_AUTORELEASING = YES;
				CLANG_WARN_BOOL_CONVERSION = YES;
				CLANG_WARN_COMMA = YES;
				CLANG_WARN_CONSTANT_CONVERSION = YES;
				CLANG_WARN_DEPRECATED_OBJC_IMPLEMENTATIONS = YES;
				CLANG_WARN_DIRECT_OBJC_ISA_USAGE = YES_ERROR;
				CLANG_WARN_DOCUMENTATION_COMMENTS = YES;
				CLANG_WARN_EMPTY_BODY = YES;
				CLANG_WARN_ENUM_CONVERSION = YES;
				CLANG_WARN_INFINITE_RECURSION = YES;
				CLANG_WARN_INT_CONVERSION = YES;
				CLANG_WARN_NON_LITERAL_NULL_CONVERSION = YES;
				CLANG_WARN_OBJC_IMPLICIT_RETAIN_SELF = YES;
				CLANG_WARN_OBJC_LITERAL_CONVERSION = YES;
				CLANG_WARN_OBJC_ROOT_CLASS = YES_ERROR;
				CLANG_WARN_RANGE_LOOP_ANALYSIS = YES;
				CLANG_WARN_STRICT_PROTOTYPES = YES;
				CLANG_WARN_SUSPICIOUS_MOVE = YES;
				CLANG_WARN_UNGUARDED_AVAILABILITY = YES_AGGRESSIVE;
				CLANG_WARN_UNREACHABLE_CODE = YES;
				CLANG_WARN__DUPLICATE_METHOD_MATCH = YES;
				CODE_SIGN_IDENTITY = "iPhone Developer";
				COPY_PHASE_STRIP = NO;
				DEBUG_INFORMATION_FORMAT = "dwarf-with-dsym";
				ENABLE_NS_ASSERTIONS = NO;
				ENABLE_STRICT_OBJC_MSGSEND = YES;
				GCC_C_LANGUAGE_STANDARD = gnu11;
				GCC_NO_COMMON_BLOCKS = YES;
				GCC_WARN_64_TO_32_BIT_CONVERSION = YES;
				GCC_WARN_ABOUT_RETURN_TYPE = YES_ERROR;
				GCC_WARN_UNDECLARED_SELECTOR = YES;
				GCC_WARN_UNINITIALIZED_AUTOS = YES_AGGRESSIVE;
				GCC_WARN_UNUSED_FUNCTION = YES;
				GCC_WARN_UNUSED_VARIABLE = YES;
				IPHONEOS_DEPLOYMENT_TARGET = 11.3;
				MTL_ENABLE_DEBUG_INFO = NO;
				SDKROOT = iphoneos;
				SWIFT_COMPILATION_MODE = wholemodule;
				SWIFT_OPTIMIZATION_LEVEL = "-O";
				VALIDATE_PRODUCT = YES;
			};
			name = Release;
		};
		EC778919209CFC110068505C /* Debug */ = {
			isa = XCBuildConfiguration;
			baseConfigurationReference = 87CD2AA8D363F94D3ACD4994 /* Pods-UsingGoogleMaps.debug.xcconfig */;
			buildSettings = {
				ASSETCATALOG_COMPILER_APPICON_NAME = AppIcon;
				CODE_SIGN_STYLE = Automatic;
				DEVELOPMENT_TEAM = 966867LLZX;
				INFOPLIST_FILE = UsingGoogleMaps/Info.plist;
				LD_RUNPATH_SEARCH_PATHS = "$(inherited) @executable_path/Frameworks";
				PRODUCT_BUNDLE_IDENTIFIER = gustavosevero.UsingGoogleMaps;
				PRODUCT_NAME = "$(TARGET_NAME)";
				SWIFT_VERSION = 4.0;
				TARGETED_DEVICE_FAMILY = "1,2";
			};
			name = Debug;
		};
		EC77891A209CFC110068505C /* Release */ = {
			isa = XCBuildConfiguration;
			baseConfigurationReference = C06FBAE33A9D65FA77AAC4E5 /* Pods-UsingGoogleMaps.release.xcconfig */;
			buildSettings = {
				ASSETCATALOG_COMPILER_APPICON_NAME = AppIcon;
				CODE_SIGN_STYLE = Automatic;
				DEVELOPMENT_TEAM = 966867LLZX;
				INFOPLIST_FILE = UsingGoogleMaps/Info.plist;
				LD_RUNPATH_SEARCH_PATHS = "$(inherited) @executable_path/Frameworks";
				PRODUCT_BUNDLE_IDENTIFIER = gustavosevero.UsingGoogleMaps;
				PRODUCT_NAME = "$(TARGET_NAME)";
				SWIFT_VERSION = 4.0;
				TARGETED_DEVICE_FAMILY = "1,2";
			};
			name = Release;
		};
/* End XCBuildConfiguration section */

/* Begin XCConfigurationList section */
		EC778901209CFC0A0068505C /* Build configuration list for PBXProject "UsingGoogleMaps" */ = {
			isa = XCConfigurationList;
			buildConfigurations = (
				EC778916209CFC110068505C /* Debug */,
				EC778917209CFC110068505C /* Release */,
			);
			defaultConfigurationIsVisible = 0;
			defaultConfigurationName = Release;
		};
		EC778918209CFC110068505C /* Build configuration list for PBXNativeTarget "UsingGoogleMaps" */ = {
			isa = XCConfigurationList;
			buildConfigurations = (
				EC778919209CFC110068505C /* Debug */,
				EC77891A209CFC110068505C /* Release */,
			);
			defaultConfigurationIsVisible = 0;
			defaultConfigurationName = Release;
		};
/* End XCConfigurationList section */
	};
	rootObject = EC7788FE209CFC0A0068505C /* Project object */;
}
